
Microsoft Visual Studio Solution File, Format Version 12.00
# Visual Studio Version 17
VisualStudioVersion = 17.3.32922.545
MinimumVisualStudioVersion = 10.0.40219.1
Project("{FAE04EC0-301F-11D3-BF4B-00C04F79EFBC}") = "Xadrez-Console", "Xadrez-Console\Xadrez-Console.csproj", "{7463445B-FA34-4505-B1DE-1791F71A8A5B}"
EndProject
Global
	GlobalSection(SolutionConfigurationPlatforms) = preSolution
		Debug|Any CPU = Debug|Any CPU
		Release|Any CPU = Release|Any CPU
	EndGlobalSection
	GlobalSection(ProjectConfigurationPlatforms) = postSolution
		{7463445B-FA34-4505-B1DE-1791F71A8A5B}.Debug|Any CPU.ActiveCfg = Debug|Any CPU
		{7463445B-FA34-4505-B1DE-1791F71A8A5B}.Debug|Any CPU.Build.0 = Debug|Any CPU
		{7463445B-FA34-4505-B1DE-1791F71A8A5B}.Release|Any CPU.ActiveCfg = Release|Any CPU
		{7463445B-FA34-4505-B1DE-1791F71A8A5B}.Release|Any CPU.Build.0 = Release|Any CPU
	EndGlobalSection
	GlobalSection(SolutionProperties) = preSolution
		HideSolutionNode = FALSE
	EndGlobalSection
	GlobalSection(ExtensibilityGlobals) = postSolution
		SolutionGuid = {895702C0-3D59-409A-A36B-05E69C2B6A7D}
	EndGlobalSection
EndGlobal
